
Microsoft Visual Studio Solution File, Format Version 12.00
# Visual Studio 15
VisualStudioVersion = 15.0.27004.2002
MinimumVisualStudioVersion = 10.0.40219.1
Project("{8BC9CEB8-8B4A-11D0-8D11-00A0C91BC942}") = "01 project", "01 project\01 project.vcxproj", "{BEE198E4-95A6-4F75-9834-3E1069E2E679}"
EndProject
Global
	GlobalSection(SolutionConfigurationPlatforms) = preSolution
		Debug|x64 = Debug|x64
		Debug|x86 = Debug|x86
		Release|x64 = Release|x64
		Release|x86 = Release|x86
	EndGlobalSection
	GlobalSection(ProjectConfigurationPlatforms) = postSolution
		{BEE198E4-95A6-4F75-9834-3E1069E2E679}.Debug|x64.ActiveCfg = Debug|x64
		{BEE198E4-95A6-4F75-9834-3E1069E2E679}.Debug|x64.Build.0 = Debug|x64
		{BEE198E4-95A6-4F75-9834-3E1069E2E679}.Debug|x86.ActiveCfg = Debug|Win32
		{BEE198E4-95A6-4F75-9834-3E1069E2E679}.Debug|x86.Build.0 = Debug|Win32
		{BEE198E4-95A6-4F75-9834-3E1069E2E679}.Release|x64.ActiveCfg = Release|x64
		{BEE198E4-95A6-4F75-9834-3E1069E2E679}.Release|x64.Build.0 = Release|x64
		{BEE198E4-95A6-4F75-9834-3E1069E2E679}.Release|x86.ActiveCfg = Release|Win32
		{BEE198E4-95A6-4F75-9834-3E1069E2E679}.Release|x86.Build.0 = Release|Win32
	EndGlobalSection
	GlobalSection(SolutionProperties) = preSolution
		HideSolutionNode = FALSE
	EndGlobalSection
	GlobalSection(ExtensibilityGlobals) = postSolution
		SolutionGuid = {FDE24BF7-17B0-4BD4-9416-9961E283829D}
	EndGlobalSection
EndGlobal
